// !$*UTF8*$!
{
	archiveVersion = 1;
	classes = {
	};
	objectVersion = 46;
	objects = {

/* Begin PBXBuildFile section */
		F3C370CF1DF6505000239C4F /* main.m in Sources */ = {isa = PBXBuildFile; fileRef = F3C370CE1DF6505000239C4F /* main.m */; };
		F3C370D21DF6505000239C4F /* AppDelegate.m in Sources */ = {isa = PBXBuildFile; fileRef = F3C370D11DF6505000239C4F /* AppDelegate.m */; };
		F3C370D51DF6505000239C4F /* TableViewController.m in Sources */ = {isa = PBXBuildFile; fileRef = F3C370D41DF6505000239C4F /* TableViewController.m */; };
		F3C370D81DF6505000239C4F /* Main.storyboard in Resources */ = {isa = PBXBuildFile; fileRef = F3C370D61DF6505000239C4F /* Main.storyboard */; };
		F3C370DA1DF6505000239C4F /* Assets.xcassets in Resources */ = {isa = PBXBuildFile; fileRef = F3C370D91DF6505000239C4F /* Assets.xcassets */; };
		F3C370DD1DF6505000239C4F /* LaunchScreen.storyboard in Resources */ = {isa = PBXBuildFile; fileRef = F3C370DB1DF6505000239C4F /* LaunchScreen.storyboard */; };
		F3C370E61DF6506300239C4F /* TableViewDataSource.m in Sources */ = {isa = PBXBuildFile; fileRef = F3C370E41DF6506300239C4F /* TableViewDataSource.m */; };
		F3C370EA1DF6524C00239C4F /* PhotoCell.xib in Resources */ = {isa = PBXBuildFile; fileRef = F3C370E71DF6524C00239C4F /* PhotoCell.xib */; };
		F3C370EB1DF6524C00239C4F /* PhotoCell.m in Sources */ = {isa = PBXBuildFile; fileRef = F3C370E81DF6524C00239C4F /* PhotoCell.m */; };
		F3C370EE1DF6530100239C4F /* PhotoModel.m in Sources */ = {isa = PBXBuildFile; fileRef = F3C370ED1DF6530100239C4F /* PhotoModel.m */; };
/* End PBXBuildFile section */

/* Begin PBXFileReference section */
		F3C370CA1DF6505000239C4F /* TableViewDataSource.app */ = {isa = PBXFileReference; explicitFileType = wrapper.application; includeInIndex = 0; path = TableViewDataSource.app; sourceTree = BUILT_PRODUCTS_DIR; };
		F3C370CE1DF6505000239C4F /* main.m */ = {isa = PBXFileReference; lastKnownFileType = sourcecode.c.objc; path = main.m; sourceTree = "<group>"; };
		F3C370D01DF6505000239C4F /* AppDelegate.h */ = {isa = PBXFileReference; lastKnownFileType = sourcecode.c.h; path = AppDelegate.h; sourceTree = "<group>"; };
		F3C370D11DF6505000239C4F /* AppDelegate.m */ = {isa = PBXFileReference; lastKnownFileType = sourcecode.c.objc; path = AppDelegate.m; sourceTree = "<group>"; };
		F3C370D31DF6505000239C4F /* TableViewController.h */ = {isa = PBXFileReference; lastKnownFileType = sourcecode.c.h; path = TableViewController.h; sourceTree = "<group>"; };
		F3C370D41DF6505000239C4F /* TableViewController.m */ = {isa = PBXFileReference; lastKnownFileType = sourcecode.c.objc; path = TableViewController.m; sourceTree = "<group>"; };
		F3C370D71DF6505000239C4F /* Base */ = {isa = PBXFileReference; lastKnownFileType = file.storyboard; name = Base; path = Base.lproj/Main.storyboard; sourceTree = "<group>"; };
		F3C370D91DF6505000239C4F /* Assets.xcassets */ = {isa = PBXFileReference; lastKnownFileType = folder.assetcatalog; path = Assets.xcassets; sourceTree = "<group>"; };
		F3C370DC1DF6505000239C4F /* Base */ = {isa = PBXFileReference; lastKnownFileType = file.storyboard; name = Base; path = Base.lproj/LaunchScreen.storyboard; sourceTree = "<group>"; };
		F3C370DE1DF6505000239C4F /* Info.plist */ = {isa = PBXFileReference; lastKnownFileType = text.plist.xml; path = Info.plist; sourceTree = "<group>"; };
		F3C370E41DF6506300239C4F /* TableViewDataSource.m */ = {isa = PBXFileReference; fileEncoding = 4; lastKnownFileType = sourcecode.c.objc; path = TableViewDataSource.m; sourceTree = "<group>"; };
		F3C370E51DF6506300239C4F /* TableViewDataSource.h */ = {isa = PBXFileReference; fileEncoding = 4; lastKnownFileType = sourcecode.c.h; path = TableViewDataSource.h; sourceTree = "<group>"; };
		F3C370E71DF6524C00239C4F /* PhotoCell.xib */ = {isa = PBXFileReference; fileEncoding = 4; lastKnownFileType = file.xib; path = PhotoCell.xib; sourceTree = "<group>"; };
		F3C370E81DF6524C00239C4F /* PhotoCell.m */ = {isa = PBXFileReference; fileEncoding = 4; lastKnownFileType = sourcecode.c.objc; path = PhotoCell.m; sourceTree = "<group>"; };
		F3C370E91DF6524C00239C4F /* PhotoCell.h */ = {isa = PBXFileReference; fileEncoding = 4; lastKnownFileType = sourcecode.c.h; path = PhotoCell.h; sourceTree = "<group>"; };
		F3C370EC1DF6530100239C4F /* PhotoModel.h */ = {isa = PBXFileReference; fileEncoding = 4; lastKnownFileType = sourcecode.c.h; path = PhotoModel.h; sourceTree = "<group>"; };
		F3C370ED1DF6530100239C4F /* PhotoModel.m */ = {isa = PBXFileReference; fileEncoding = 4; lastKnownFileType = sourcecode.c.objc; path = PhotoModel.m; sourceTree = "<group>"; };
/* End PBXFileReference section */

/* Begin PBXFrameworksBuildPhase section */
		F3C370C71DF6505000239C4F /* Frameworks */ = {
			isa = PBXFrameworksBuildPhase;
			buildActionMask = 2147483647;
			files = (
			);
			runOnlyForDeploymentPostprocessing = 0;
		};
/* End PBXFrameworksBuildPhase section */

/* Begin PBXGroup section */
		F3C370C11DF6505000239C4F = {
			isa = PBXGroup;
			children = (
				F3C370CC1DF6505000239C4F /* TableViewDataSource */,
				F3C370CB1DF6505000239C4F /* Products */,
			);
			sourceTree = "<group>";
		};
		F3C370CB1DF6505000239C4F /* Products */ = {
			isa = PBXGroup;
			children = (
				F3C370CA1DF6505000239C4F /* TableViewDataSource.app */,
			);
			name = Products;
			sourceTree = "<group>";
		};
		F3C370CC1DF6505000239C4F /* TableViewDataSource */ = {
			isa = PBXGroup;
			children = (
				F3C370D01DF6505000239C4F /* AppDelegate.h */,
				F3C370D11DF6505000239C4F /* AppDelegate.m */,
				F3C370D31DF6505000239C4F /* TableViewController.h */,
				F3C370D41DF6505000239C4F /* TableViewController.m */,
				F3C370EC1DF6530100239C4F /* PhotoModel.h */,
				F3C370ED1DF6530100239C4F /* PhotoModel.m */,
				F3C370E91DF6524C00239C4F /* PhotoCell.h */,
				F3C370E81DF6524C00239C4F /* PhotoCell.m */,
				F3C370E71DF6524C00239C4F /* PhotoCell.xib */,
				F3C370E51DF6506300239C4F /* TableViewDataSource.h */,
				F3C370E41DF6506300239C4F /* TableViewDataSource.m */,
				F3C370D61DF6505000239C4F /* Main.storyboard */,
				F3C370D91DF6505000239C4F /* Assets.xcassets */,
				F3C370DB1DF6505000239C4F /* LaunchScreen.storyboard */,
				F3C370DE1DF6505000239C4F /* Info.plist */,
				F3C370CD1DF6505000239C4F /* Supporting Files */,
			);
			path = TableViewDataSource;
			sourceTree = "<group>";
		};
		F3C370CD1DF6505000239C4F /* Supporting Files */ = {
			isa = PBXGroup;
			children = (
				F3C370CE1DF6505000239C4F /* main.m */,
			);
			name = "Supporting Files";
			sourceTree = "<group>";
		};
/* End PBXGroup section */

/* Begin PBXNativeTarget section */
		F3C370C91DF6505000239C4F /* TableViewDataSource */ = {
			isa = PBXNativeTarget;
			buildConfigurationList = F3C370E11DF6505000239C4F /* Build configuration list for PBXNativeTarget "TableViewDataSource" */;
			buildPhases = (
				F3C370C61DF6505000239C4F /* Sources */,
				F3C370C71DF6505000239C4F /* Frameworks */,
				F3C370C81DF6505000239C4F /* Resources */,
			);
			buildRules = (
			);
			dependencies = (
			);
			name = TableViewDataSource;
			productName = TableViewDataSource;
			productReference = F3C370CA1DF6505000239C4F /* TableViewDataSource.app */;
			productType = "com.apple.product-type.application";
		};
/* End PBXNativeTarget section */

/* Begin PBXProject section */
		F3C370C21DF6505000239C4F /* Project object */ = {
			isa = PBXProject;
			attributes = {
				LastUpgradeCheck = 0810;
				ORGANIZATIONNAME = YongyuBai;
				TargetAttributes = {
					F3C370C91DF6505000239C4F = {
						CreatedOnToolsVersion = 8.1;
						DevelopmentTeam = KK59AKUJZC;
						ProvisioningStyle = Automatic;
					};
				};
			};
			buildConfigurationList = F3C370C51DF6505000239C4F /* Build configuration list for PBXProject "TableViewDataSource" */;
			compatibilityVersion = "Xcode 3.2";
			developmentRegion = English;
			hasScannedForEncodings = 0;
			knownRegions = (
				en,
				Base,
			);
			mainGroup = F3C370C11DF6505000239C4F;
			productRefGroup = F3C370CB1DF6505000239C4F /* Products */;
			projectDirPath = "";
			projectRoot = "";
			targets = (
				F3C370C91DF6505000239C4F /* TableViewDataSource */,
			);
		};
/* End PBXProject section */

/* Begin PBXResourcesBuildPhase section */
		F3C370C81DF6505000239C4F /* Resources */ = {
			isa = PBXResourcesBuildPhase;
			buildActionMask = 2147483647;
			files = (
				F3C370EA1DF6524C00239C4F /* PhotoCell.xib in Resources */,
				F3C370DD1DF6505000239C4F /* LaunchScreen.storyboard in Resources */,
				F3C370DA1DF6505000239C4F /* Assets.xcassets in Resources */,
				F3C370D81DF6505000239C4F /* Main.storyboard in Resources */,
			);
			runOnlyForDeploymentPostprocessing = 0;
		};
/* End PBXResourcesBuildPhase section */

/* Begin PBXSourcesBuildPhase section */
		F3C370C61DF6505000239C4F /* Sources */ = {
			isa = PBXSourcesBuildPhase;
			buildActionMask = 2147483647;
			files = (
				F3C370D51DF6505000239C4F /* TableViewController.m in Sources */,
				F3C370EB1DF6524C00239C4F /* PhotoCell.m in Sources */,
				F3C370EE1DF6530100239C4F /* PhotoModel.m in Sources */,
				F3C370D21DF6505000239C4F /* AppDelegate.m in Sources */,
				F3C370E61DF6506300239C4F /* TableViewDataSource.m in Sources */,
				F3C370CF1DF6505000239C4F /* main.m in Sources */,
			);
			runOnlyForDeploymentPostprocessing = 0;
		};
/* End PBXSourcesBuildPhase section */

/* Begin PBXVariantGroup section */
		F3C370D61DF6505000239C4F /* Main.storyboard */ = {
			isa = PBXVariantGroup;
			children = (
				F3C370D71DF6505000239C4F /* Base */,
			);
			name = Main.storyboard;
			sourceTree = "<group>";
		};
		F3C370DB1DF6505000239C4F /* LaunchScreen.storyboard */ = {
			isa = PBXVariantGroup;
			children = (
				F3C370DC1DF6505000239C4F /* Base */,
			);
			name = LaunchScreen.storyboard;
			sourceTree = "<group>";
		};
/* End PBXVariantGroup section */

/* Begin XCBuildConfiguration section */
		F3C370DF1DF6505000239C4F /* Debug */ = {
			isa = XCBuildConfiguration;
			buildSettings = {
				ALWAYS_SEARCH_USER_PATHS = NO;
				CLANG_ANALYZER_NONNULL = YES;
				CLANG_CXX_LANGUAGE_STANDARD = "gnu++0x";
				CLANG_CXX_LIBRARY = "libc++";
				CLANG_ENABLE_MODULES = YES;
				CLANG_ENABLE_OBJC_ARC = YES;
				CLANG_WARN_BOOL_CONVERSION = YES;
				CLANG_WARN_CONSTANT_CONVERSION = YES;
				CLANG_WARN_DIRECT_OBJC_ISA_USAGE = YES_ERROR;
				CLANG_WARN_DOCUMENTATION_COMMENTS = YES;
				CLANG_WARN_EMPTY_BODY = YES;
				CLANG_WARN_ENUM_CONVERSION = YES;
				CLANG_WARN_INFINITE_RECURSION = YES;
				CLANG_WARN_INT_CONVERSION = YES;
				CLANG_WARN_OBJC_ROOT_CLASS = YES_ERROR;
				CLANG_WARN_SUSPICIOUS_MOVES = YES;
				CLANG_WARN_UNREACHABLE_CODE = YES;
				CLANG_WARN__DUPLICATE_METHOD_MATCH = YES;
				"CODE_SIGN_IDENTITY[sdk=iphoneos*]" = "iPhone Developer";
				COPY_PHASE_STRIP = NO;
				DEBUG_INFORMATION_FORMAT = dwarf;
				ENABLE_STRICT_OBJC_MSGSEND = YES;
				ENABLE_TESTABILITY = YES;
				GCC_C_LANGUAGE_STANDARD = gnu99;
				GCC_DYNAMIC_NO_PIC = NO;
				GCC_NO_COMMON_BLOCKS = YES;
				GCC_OPTIMIZATION_LEVEL = 0;
				GCC_PREPROCESSOR_DEFINITIONS = (
					"DEBUG=1",
					"$(inherited)",
				);
				GCC_WARN_64_TO_32_BIT_CONVERSION = YES;
				GCC_WARN_ABOUT_RETURN_TYPE = YES_ERROR;
				GCC_WARN_UNDECLARED_SELECTOR = YES;
				GCC_WARN_UNINITIALIZED_AUTOS = YES_AGGRESSIVE;
				GCC_WARN_UNUSED_FUNCTION = YES;
				GCC_WARN_UNUSED_VARIABLE = YES;
				IPHONEOS_DEPLOYMENT_TARGET = 10.1;
				MTL_ENABLE_DEBUG_INFO = YES;
				ONLY_ACTIVE_ARCH = YES;
				SDKROOT = iphoneos;
			};
			name = Debug;
		};
		F3C370E01DF6505000239C4F /* Release */ = {
			isa = XCBuildConfiguration;
			buildSettings = {
				ALWAYS_SEARCH_USER_PATHS = NO;
				CLANG_ANALYZER_NONNULL = YES;
				CLANG_CXX_LANGUAGE_STANDARD = "gnu++0x";
				CLANG_CXX_LIBRARY = "libc++";
				CLANG_ENABLE_MODULES = YES;
				CLANG_ENABLE_OBJC_ARC = YES;
				CLANG_WARN_BOOL_CONVERSION = YES;
				CLANG_WARN_CONSTANT_CONVERSION = YES;
				CLANG_WARN_DIRECT_OBJC_ISA_USAGE = YES_ERROR;
				CLANG_WARN_DOCUMENTATION_COMMENTS = YES;
				CLANG_WARN_EMPTY_BODY = YES;
				CLANG_WARN_ENUM_CONVERSION = YES;
				CLANG_WARN_INFINITE_RECURSION = YES;
				CLANG_WARN_INT_CONVERSION = YES;
				CLANG_WARN_OBJC_ROOT_CLASS = YES_ERROR;
				CLANG_WARN_SUSPICIOUS_MOVES = YES;
				CLANG_WARN_UNREACHABLE_CODE = YES;
				CLANG_WARN__DUPLICATE_METHOD_MATCH = YES;
				"CODE_SIGN_IDENTITY[sdk=iphoneos*]" = "iPhone Developer";
				COPY_PHASE_STRIP = NO;
				DEBUG_INFORMATION_FORMAT = "dwarf-with-dsym";
				ENABLE_NS_ASSERTIONS = NO;
				ENABLE_STRICT_OBJC_MSGSEND = YES;
				GCC_C_LANGUAGE_STANDARD = gnu99;
				GCC_NO_COMMON_BLOCKS = YES;
				GCC_WARN_64_TO_32_BIT_CONVERSION = YES;
				GCC_WARN_ABOUT_RETURN_TYPE = YES_ERROR;
				GCC_WARN_UNDECLARED_SELECTOR = YES;
				GCC_WARN_UNINITIALIZED_AUTOS = YES_AGGRESSIVE;
				GCC_WARN_UNUSED_FUNCTION = YES;
				GCC_WARN_UNUSED_VARIABLE = YES;
				IPHONEOS_DEPLOYMENT_TARGET = 10.1;
				MTL_ENABLE_DEBUG_INFO = NO;
				SDKROOT = iphoneos;
				VALIDATE_PRODUCT = YES;
			};
			name = Release;
		};
		F3C370E21DF6505000239C4F /* Debug */ = {
			isa = XCBuildConfiguration;
			buildSettings = {
				ASSETCATALOG_COMPILER_APPICON_NAME = AppIcon;
				DEVELOPMENT_TEAM = KK59AKUJZC;
				INFOPLIST_FILE = TableViewDataSource/Info.plist;
				LD_RUNPATH_SEARCH_PATHS = "$(inherited) @executable_path/Frameworks";
				PRODUCT_BUNDLE_IDENTIFIER = com.byy.TableViewDataSource;
				PRODUCT_NAME = "$(TARGET_NAME)";
			};
			name = Debug;
		};
		F3C370E31DF6505000239C4F /* Release */ = {
			isa = XCBuildConfiguration;
			buildSettings = {
				ASSETCATALOG_COMPILER_APPICON_NAME = AppIcon;
				DEVELOPMENT_TEAM = KK59AKUJZC;
				INFOPLIST_FILE = TableViewDataSource/Info.plist;
				LD_RUNPATH_SEARCH_PATHS = "$(inherited) @executable_path/Frameworks";
				PRODUCT_BUNDLE_IDENTIFIER = com.byy.TableViewDataSource;
				PRODUCT_NAME = "$(TARGET_NAME)";
			};
			name = Release;
		};
/* End XCBuildConfiguration section */

/* Begin XCConfigurationList section */
		F3C370C51DF6505000239C4F /* Build configuration list for PBXProject "TableViewDataSource" */ = {
			isa = XCConfigurationList;
			buildConfigurations = (
				F3C370DF1DF6505000239C4F /* Debug */,
				F3C370E01DF6505000239C4F /* Release */,
			);
			defaultConfigurationIsVisible = 0;
			defaultConfigurationName = Release;
		};
		F3C370E11DF6505000239C4F /* Build configuration list for PBXNativeTarget "TableViewDataSource" */ = {
			isa = XCConfigurationList;
			buildConfigurations = (
				F3C370E21DF6505000239C4F /* Debug */,
				F3C370E31DF6505000239C4F /* Release */,
			);
			defaultConfigurationIsVisible = 0;
		};
/* End XCConfigurationList section */
	};
	rootObject = F3C370C21DF6505000239C4F /* Project object */;
}
